
Microsoft Visual Studio Solution File, Format Version 11.00
# Visual Studio 2010
Project("{FAE04EC0-301F-11D3-BF4B-00C04F79EFBC}") = "MarsRover", "MarsRover\MarsRover.csproj", "{B275FCED-076F-48C7-B6B5-9F7FD5C37FB8}"
EndProject
Project("{FAE04EC0-301F-11D3-BF4B-00C04F79EFBC}") = "MarsRoverTests", "MarsRoverTests\MarsRoverTests.csproj", "{85821B2C-A101-45F3-AAD0-C434A0C4E613}"
EndProject
Project("{2150E333-8FDC-42A3-9474-1A3956D46DE8}") = "Solution Items", "Solution Items", "{8A10D526-9752-49B9-985A-7DFDB3B7D486}"
	ProjectSection(SolutionItems) = preProject
		Local.testsettings = Local.testsettings
		MarsRover1.vsmdi = MarsRover1.vsmdi
		TraceAndTestImpact.testsettings = TraceAndTestImpact.testsettings
	EndProjectSection
EndProject
Global
	GlobalSection(TestCaseManagementSettings) = postSolution
		CategoryFile = MarsRover1.vsmdi
	EndGlobalSection
	GlobalSection(SolutionConfigurationPlatforms) = preSolution
		Debug|Any CPU = Debug|Any CPU
		Debug|Mixed Platforms = Debug|Mixed Platforms
		Debug|x86 = Debug|x86
		Release|Any CPU = Release|Any CPU
		Release|Mixed Platforms = Release|Mixed Platforms
		Release|x86 = Release|x86
	EndGlobalSection
	GlobalSection(ProjectConfigurationPlatforms) = postSolution
		{B275FCED-076F-48C7-B6B5-9F7FD5C37FB8}.Debug|Any CPU.ActiveCfg = Debug|x86
		{B275FCED-076F-48C7-B6B5-9F7FD5C37FB8}.Debug|Mixed Platforms.ActiveCfg = Debug|x86
		{B275FCED-076F-48C7-B6B5-9F7FD5C37FB8}.Debug|Mixed Platforms.Build.0 = Debug|x86
		{B275FCED-076F-48C7-B6B5-9F7FD5C37FB8}.Debug|x86.ActiveCfg = Debug|x86
		{B275FCED-076F-48C7-B6B5-9F7FD5C37FB8}.Debug|x86.Build.0 = Debug|x86
		{B275FCED-076F-48C7-B6B5-9F7FD5C37FB8}.Release|Any CPU.ActiveCfg = Release|x86
		{B275FCED-076F-48C7-B6B5-9F7FD5C37FB8}.Release|Mixed Platforms.ActiveCfg = Release|x86
		{B275FCED-076F-48C7-B6B5-9F7FD5C37FB8}.Release|Mixed Platforms.Build.0 = Release|x86
		{B275FCED-076F-48C7-B6B5-9F7FD5C37FB8}.Release|x86.ActiveCfg = Release|x86
		{B275FCED-076F-48C7-B6B5-9F7FD5C37FB8}.Release|x86.Build.0 = Release|x86
		{85821B2C-A101-45F3-AAD0-C434A0C4E613}.Debug|Any CPU.ActiveCfg = Debug|Any CPU
		{85821B2C-A101-45F3-AAD0-C434A0C4E613}.Debug|Any CPU.Build.0 = Debug|Any CPU
		{85821B2C-A101-45F3-AAD0-C434A0C4E613}.Debug|Mixed Platforms.ActiveCfg = Debug|Any CPU
		{85821B2C-A101-45F3-AAD0-C434A0C4E613}.Debug|Mixed Platforms.Build.0 = Debug|Any CPU
		{85821B2C-A101-45F3-AAD0-C434A0C4E613}.Debug|x86.ActiveCfg = Debug|Any CPU
		{85821B2C-A101-45F3-AAD0-C434A0C4E613}.Release|Any CPU.ActiveCfg = Release|Any CPU
		{85821B2C-A101-45F3-AAD0-C434A0C4E613}.Release|Any CPU.Build.0 = Release|Any CPU
		{85821B2C-A101-45F3-AAD0-C434A0C4E613}.Release|Mixed Platforms.ActiveCfg = Release|Any CPU
		{85821B2C-A101-45F3-AAD0-C434A0C4E613}.Release|Mixed Platforms.Build.0 = Release|Any CPU
		{85821B2C-A101-45F3-AAD0-C434A0C4E613}.Release|x86.ActiveCfg = Release|Any CPU
	EndGlobalSection
	GlobalSection(SolutionProperties) = preSolution
		HideSolutionNode = FALSE
	EndGlobalSection
EndGlobal
